
Microsoft Visual Studio Solution File, Format Version 12.00
# Visual Studio 14
VisualStudioVersion = 14.0.25420.1
MinimumVisualStudioVersion = 10.0.40219.1
Project("{E24C65DC-7377-472B-9ABA-BC803B73C61A}") = "RTO_Project_UI", ".", "{7CC0FD34-70D5-4F66-832B-7C0775B68E04}"
	ProjectSection(WebsiteProperties) = preProject
		TargetFrameworkMoniker = ".NETFramework,Version%3Dv4.0"
		Debug.AspNetCompiler.VirtualPath = "/localhost_49860"
		Debug.AspNetCompiler.PhysicalPath = "..\RTO_Project_UI\"
		Debug.AspNetCompiler.TargetPath = "PrecompiledWeb\localhost_49860\"
		Debug.AspNetCompiler.Updateable = "true"
		Debug.AspNetCompiler.ForceOverwrite = "true"
		Debug.AspNetCompiler.FixedNames = "false"
		Debug.AspNetCompiler.Debug = "True"
		Release.AspNetCompiler.VirtualPath = "/localhost_49860"
		Release.AspNetCompiler.PhysicalPath = "..\RTO_Project_UI\"
		Release.AspNetCompiler.TargetPath = "PrecompiledWeb\localhost_49860\"
		Release.AspNetCompiler.Updateable = "true"
		Release.AspNetCompiler.ForceOverwrite = "true"
		Release.AspNetCompiler.FixedNames = "false"
		Release.AspNetCompiler.Debug = "False"
		VWDPort = "49860"
		SlnRelativePath = "..\RTO_Project_UI\"
	EndProjectSection
EndProject
Global
	GlobalSection(SolutionConfigurationPlatforms) = preSolution
		Debug|Any CPU = Debug|Any CPU
	EndGlobalSection
	GlobalSection(ProjectConfigurationPlatforms) = postSolution
		{7CC0FD34-70D5-4F66-832B-7C0775B68E04}.Debug|Any CPU.ActiveCfg = Debug|Any CPU
		{7CC0FD34-70D5-4F66-832B-7C0775B68E04}.Debug|Any CPU.Build.0 = Debug|Any CPU
	EndGlobalSection
	GlobalSection(SolutionProperties) = preSolution
		HideSolutionNode = FALSE
	EndGlobalSection
EndGlobal
